
Microsoft Visual Studio Solution File, Format Version 12.00
# Visual Studio Version 16
VisualStudioVersion = 16.0.30611.23
MinimumVisualStudioVersion = 10.0.40219.1
Project("{FAE04EC0-301F-11D3-BF4B-00C04F79EFBC}") = "ServerReservasi", "ServerReservasi\ServerReservasi.csproj", "{ADEFBB7D-534B-446A-ACC0-E03F96D5FC9C}"
EndProject
Global
	GlobalSection(SolutionConfigurationPlatforms) = preSolution
		Debug|Any CPU = Debug|Any CPU
		Release|Any CPU = Release|Any CPU
	EndGlobalSection
	GlobalSection(ProjectConfigurationPlatforms) = postSolution
		{ADEFBB7D-534B-446A-ACC0-E03F96D5FC9C}.Debug|Any CPU.ActiveCfg = Debug|Any CPU
		{ADEFBB7D-534B-446A-ACC0-E03F96D5FC9C}.Debug|Any CPU.Build.0 = Debug|Any CPU
		{ADEFBB7D-534B-446A-ACC0-E03F96D5FC9C}.Release|Any CPU.ActiveCfg = Release|Any CPU
		{ADEFBB7D-534B-446A-ACC0-E03F96D5FC9C}.Release|Any CPU.Build.0 = Release|Any CPU
	EndGlobalSection
	GlobalSection(SolutionProperties) = preSolution
		HideSolutionNode = FALSE
	EndGlobalSection
	GlobalSection(ExtensibilityGlobals) = postSolution
		SolutionGuid = {1638205E-A9FB-4BD5-AA71-930B69C59F7F}
	EndGlobalSection
EndGlobal
